
Microsoft Visual Studio Solution File, Format Version 12.00
# Visual Studio Version 17
VisualStudioVersion = 17.6.33801.468
MinimumVisualStudioVersion = 10.0.40219.1
Project("{2150E333-8FDC-42A3-9474-1A3956D46DE8}") = "Task0", "Task0", "{F82286FE-3595-4A6F-A157-3D010DF0752E}"
EndProject
Project("{FAE04EC0-301F-11D3-BF4B-00C04F79EFBC}") = "Tyuiu.ElmurzaevIH.Sprint2.Task0.V15", "Tyuiu.ElmurzaevIH.Sprint2.Task0.V15\Tyuiu.ElmurzaevIH.Sprint2.Task0.V15.csproj", "{79263442-FEBC-40E4-A803-4760BCD06C22}"
EndProject
Project("{FAE04EC0-301F-11D3-BF4B-00C04F79EFBC}") = "Tyuiu.ElmurzaevIH.Sprint2.Task0.V15.Lib", "Tyuiu.ElmurzaevIH.Sprint2.Task0.V15.Lib\Tyuiu.ElmurzaevIH.Sprint2.Task0.V15.Lib.csproj", "{6BE41BA3-9ECA-4230-BFF5-C0AB540801B3}"
EndProject
Project("{FAE04EC0-301F-11D3-BF4B-00C04F79EFBC}") = "Tyuiu.ElmurzaevIH.Sprint2.Task0.V15.Test", "Tyuiu.ElmurzaevIH.Sprint2.Task0.V15.Test\Tyuiu.ElmurzaevIH.Sprint2.Task0.V15.Test.csproj", "{22CCBBC0-D32C-434A-A11D-3F32EE130F16}"
EndProject
Project("{2150E333-8FDC-42A3-9474-1A3956D46DE8}") = "Task1", "Task1", "{88B1166B-D15B-4E05-A2FC-DE89695615D3}"
EndProject
Project("{FAE04EC0-301F-11D3-BF4B-00C04F79EFBC}") = "Tyuiu.ElmurzaevIH.Sprint2.Task1.V24", "Tyuiu.ElmurzaevIH.Sprint2.Task1.V24\Tyuiu.ElmurzaevIH.Sprint2.Task1.V24.csproj", "{258BA77B-D8A7-4852-A60B-803D52C7FB63}"
EndProject
Project("{FAE04EC0-301F-11D3-BF4B-00C04F79EFBC}") = "Tyuiu.ElmurzaevIH.Sprint2.Task1.V24.Lib", "Tyuiu.ElmurzaevIH.Sprint2.Task1.V24.Lib\Tyuiu.ElmurzaevIH.Sprint2.Task1.V24.Lib.csproj", "{87B0855C-3553-4BDA-88D4-5CD86C4040F3}"
EndProject
Project("{FAE04EC0-301F-11D3-BF4B-00C04F79EFBC}") = "Tyuiu.ElmurzaevIH.Sprint2.Task1.V24.Test", "Tyuiu.ElmurzaevIH.Sprint2.Task1.V24.Test\Tyuiu.ElmurzaevIH.Sprint2.Task1.V24.Test.csproj", "{3CC3AD19-895E-4E46-BB58-672021117E08}"
EndProject
Project("{2150E333-8FDC-42A3-9474-1A3956D46DE8}") = "Task2", "Task2", "{61D38BA6-2DE9-4ABF-947C-BC274C9AD137}"
EndProject
Project("{FAE04EC0-301F-11D3-BF4B-00C04F79EFBC}") = "Tyuiu.ElmurzaevIH.Sprint2.Task2.V11", "Tyuiu.ElmurzaevIH.Sprint2.Task2.V11\Tyuiu.ElmurzaevIH.Sprint2.Task2.V11.csproj", "{2B74BEB9-0521-40CC-A79D-E0FE92D273D7}"
EndProject
Project("{FAE04EC0-301F-11D3-BF4B-00C04F79EFBC}") = "Tyuiu.ElmurzaevIH.Sprint2.Task2.V11.Lib", "Tyuiu.ElmurzaevIH.Sprint2.Task2.V11.Lib\Tyuiu.ElmurzaevIH.Sprint2.Task2.V11.Lib.csproj", "{3BD53F2A-66D1-4955-8CA0-103D64DC54FC}"
EndProject
Project("{FAE04EC0-301F-11D3-BF4B-00C04F79EFBC}") = "Tyuiu.ElmurzaevIH.Sprint2.Task2.V11.Test", "Tyuiu.ElmurzaevIH.Sprint2.Task2.V11.Test\Tyuiu.ElmurzaevIH.Sprint2.Task2.V11.Test.csproj", "{A982FF55-C3DD-4207-86EA-12FA3A223930}"
EndProject
Project("{2150E333-8FDC-42A3-9474-1A3956D46DE8}") = "Task3", "Task3", "{8BF8DCCC-6D4A-42E1-8B41-C794FA5BFA08}"
EndProject
Project("{FAE04EC0-301F-11D3-BF4B-00C04F79EFBC}") = "Tyuiu.ElmurzaevIH.Sprint2.Task3.V21", "Tyuiu.ElmurzaevIH.Sprint2.Task3.V21\Tyuiu.ElmurzaevIH.Sprint2.Task3.V21.csproj", "{9377984E-1DD1-4EE1-A276-F668C9F70793}"
EndProject
Project("{FAE04EC0-301F-11D3-BF4B-00C04F79EFBC}") = "Tyuiu.ElmurzaevIH.Sprint2.Task3.V21.Lib", "Tyuiu.ElmurzaevIH.Sprint2.Task3.V21.Lib\Tyuiu.ElmurzaevIH.Sprint2.Task3.V21.Lib.csproj", "{E2243B0A-354A-464E-8F32-80593A6048F6}"
EndProject
Project("{FAE04EC0-301F-11D3-BF4B-00C04F79EFBC}") = "Tyuiu.ElmurzaevIH.Sprint2.Task3.V21.Test", "Tyuiu.ElmurzaevIH.Sprint2.Task3.V21.Test\Tyuiu.ElmurzaevIH.Sprint2.Task3.V21.Test.csproj", "{6402C528-676A-484F-B7BA-B92CCFF140A4}"
EndProject
Global
	GlobalSection(SolutionConfigurationPlatforms) = preSolution
		Debug|Any CPU = Debug|Any CPU
		Release|Any CPU = Release|Any CPU
	EndGlobalSection
	GlobalSection(ProjectConfigurationPlatforms) = postSolution
		{79263442-FEBC-40E4-A803-4760BCD06C22}.Debug|Any CPU.ActiveCfg = Debug|Any CPU
		{79263442-FEBC-40E4-A803-4760BCD06C22}.Debug|Any CPU.Build.0 = Debug|Any CPU
		{79263442-FEBC-40E4-A803-4760BCD06C22}.Release|Any CPU.ActiveCfg = Release|Any CPU
		{79263442-FEBC-40E4-A803-4760BCD06C22}.Release|Any CPU.Build.0 = Release|Any CPU
		{6BE41BA3-9ECA-4230-BFF5-C0AB540801B3}.Debug|Any CPU.ActiveCfg = Debug|Any CPU
		{6BE41BA3-9ECA-4230-BFF5-C0AB540801B3}.Debug|Any CPU.Build.0 = Debug|Any CPU
		{6BE41BA3-9ECA-4230-BFF5-C0AB540801B3}.Release|Any CPU.ActiveCfg = Release|Any CPU
		{6BE41BA3-9ECA-4230-BFF5-C0AB540801B3}.Release|Any CPU.Build.0 = Release|Any CPU
		{22CCBBC0-D32C-434A-A11D-3F32EE130F16}.Debug|Any CPU.ActiveCfg = Debug|Any CPU
		{22CCBBC0-D32C-434A-A11D-3F32EE130F16}.Debug|Any CPU.Build.0 = Debug|Any CPU
		{22CCBBC0-D32C-434A-A11D-3F32EE130F16}.Release|Any CPU.ActiveCfg = Release|Any CPU
		{22CCBBC0-D32C-434A-A11D-3F32EE130F16}.Release|Any CPU.Build.0 = Release|Any CPU
		{258BA77B-D8A7-4852-A60B-803D52C7FB63}.Debug|Any CPU.ActiveCfg = Debug|Any CPU
		{258BA77B-D8A7-4852-A60B-803D52C7FB63}.Debug|Any CPU.Build.0 = Debug|Any CPU
		{258BA77B-D8A7-4852-A60B-803D52C7FB63}.Release|Any CPU.ActiveCfg = Release|Any CPU
		{258BA77B-D8A7-4852-A60B-803D52C7FB63}.Release|Any CPU.Build.0 = Release|Any CPU
		{87B0855C-3553-4BDA-88D4-5CD86C4040F3}.Debug|Any CPU.ActiveCfg = Debug|Any CPU
		{87B0855C-3553-4BDA-88D4-5CD86C4040F3}.Debug|Any CPU.Build.0 = Debug|Any CPU
		{87B0855C-3553-4BDA-88D4-5CD86C4040F3}.Release|Any CPU.ActiveCfg = Release|Any CPU
		{87B0855C-3553-4BDA-88D4-5CD86C4040F3}.Release|Any CPU.Build.0 = Release|Any CPU
		{3CC3AD19-895E-4E46-BB58-672021117E08}.Debug|Any CPU.ActiveCfg = Debug|Any CPU
		{3CC3AD19-895E-4E46-BB58-672021117E08}.Debug|Any CPU.Build.0 = Debug|Any CPU
		{3CC3AD19-895E-4E46-BB58-672021117E08}.Release|Any CPU.ActiveCfg = Release|Any CPU
		{3CC3AD19-895E-4E46-BB58-672021117E08}.Release|Any CPU.Build.0 = Release|Any CPU
		{2B74BEB9-0521-40CC-A79D-E0FE92D273D7}.Debug|Any CPU.ActiveCfg = Debug|Any CPU
		{2B74BEB9-0521-40CC-A79D-E0FE92D273D7}.Debug|Any CPU.Build.0 = Debug|Any CPU
		{2B74BEB9-0521-40CC-A79D-E0FE92D273D7}.Release|Any CPU.ActiveCfg = Release|Any CPU
		{2B74BEB9-0521-40CC-A79D-E0FE92D273D7}.Release|Any CPU.Build.0 = Release|Any CPU
		{3BD53F2A-66D1-4955-8CA0-103D64DC54FC}.Debug|Any CPU.ActiveCfg = Debug|Any CPU
		{3BD53F2A-66D1-4955-8CA0-103D64DC54FC}.Debug|Any CPU.Build.0 = Debug|Any CPU
		{3BD53F2A-66D1-4955-8CA0-103D64DC54FC}.Release|Any CPU.ActiveCfg = Release|Any CPU
		{3BD53F2A-66D1-4955-8CA0-103D64DC54FC}.Release|Any CPU.Build.0 = Release|Any CPU
		{A982FF55-C3DD-4207-86EA-12FA3A223930}.Debug|Any CPU.ActiveCfg = Debug|Any CPU
		{A982FF55-C3DD-4207-86EA-12FA3A223930}.Debug|Any CPU.Build.0 = Debug|Any CPU
		{A982FF55-C3DD-4207-86EA-12FA3A223930}.Release|Any CPU.ActiveCfg = Release|Any CPU
		{A982FF55-C3DD-4207-86EA-12FA3A223930}.Release|Any CPU.Build.0 = Release|Any CPU
		{9377984E-1DD1-4EE1-A276-F668C9F70793}.Debug|Any CPU.ActiveCfg = Debug|Any CPU
		{9377984E-1DD1-4EE1-A276-F668C9F70793}.Debug|Any CPU.Build.0 = Debug|Any CPU
		{9377984E-1DD1-4EE1-A276-F668C9F70793}.Release|Any CPU.ActiveCfg = Release|Any CPU
		{9377984E-1DD1-4EE1-A276-F668C9F70793}.Release|Any CPU.Build.0 = Release|Any CPU
		{E2243B0A-354A-464E-8F32-80593A6048F6}.Debug|Any CPU.ActiveCfg = Debug|Any CPU
		{E2243B0A-354A-464E-8F32-80593A6048F6}.Debug|Any CPU.Build.0 = Debug|Any CPU
		{E2243B0A-354A-464E-8F32-80593A6048F6}.Release|Any CPU.ActiveCfg = Release|Any CPU
		{E2243B0A-354A-464E-8F32-80593A6048F6}.Release|Any CPU.Build.0 = Release|Any CPU
		{6402C528-676A-484F-B7BA-B92CCFF140A4}.Debug|Any CPU.ActiveCfg = Debug|Any CPU
		{6402C528-676A-484F-B7BA-B92CCFF140A4}.Debug|Any CPU.Build.0 = Debug|Any CPU
		{6402C528-676A-484F-B7BA-B92CCFF140A4}.Release|Any CPU.ActiveCfg = Release|Any CPU
		{6402C528-676A-484F-B7BA-B92CCFF140A4}.Release|Any CPU.Build.0 = Release|Any CPU
	EndGlobalSection
	GlobalSection(SolutionProperties) = preSolution
		HideSolutionNode = FALSE
	EndGlobalSection
	GlobalSection(NestedProjects) = preSolution
		{79263442-FEBC-40E4-A803-4760BCD06C22} = {F82286FE-3595-4A6F-A157-3D010DF0752E}
		{6BE41BA3-9ECA-4230-BFF5-C0AB540801B3} = {F82286FE-3595-4A6F-A157-3D010DF0752E}
		{22CCBBC0-D32C-434A-A11D-3F32EE130F16} = {F82286FE-3595-4A6F-A157-3D010DF0752E}
		{258BA77B-D8A7-4852-A60B-803D52C7FB63} = {88B1166B-D15B-4E05-A2FC-DE89695615D3}
		{87B0855C-3553-4BDA-88D4-5CD86C4040F3} = {88B1166B-D15B-4E05-A2FC-DE89695615D3}
		{3CC3AD19-895E-4E46-BB58-672021117E08} = {88B1166B-D15B-4E05-A2FC-DE89695615D3}
		{2B74BEB9-0521-40CC-A79D-E0FE92D273D7} = {61D38BA6-2DE9-4ABF-947C-BC274C9AD137}
		{3BD53F2A-66D1-4955-8CA0-103D64DC54FC} = {61D38BA6-2DE9-4ABF-947C-BC274C9AD137}
		{A982FF55-C3DD-4207-86EA-12FA3A223930} = {61D38BA6-2DE9-4ABF-947C-BC274C9AD137}
		{9377984E-1DD1-4EE1-A276-F668C9F70793} = {8BF8DCCC-6D4A-42E1-8B41-C794FA5BFA08}
		{E2243B0A-354A-464E-8F32-80593A6048F6} = {8BF8DCCC-6D4A-42E1-8B41-C794FA5BFA08}
		{6402C528-676A-484F-B7BA-B92CCFF140A4} = {8BF8DCCC-6D4A-42E1-8B41-C794FA5BFA08}
	EndGlobalSection
	GlobalSection(ExtensibilityGlobals) = postSolution
		SolutionGuid = {DE22053C-2C0E-459F-B235-F2E55AA1262D}
	EndGlobalSection
EndGlobal
